
Microsoft Visual Studio Solution File, Format Version 12.00
# Visual Studio Version 17
VisualStudioVersion = 17.2.32630.192
MinimumVisualStudioVersion = 10.0.40219.1
Project("{FAE04EC0-301F-11D3-BF4B-00C04F79EFBC}") = "StackLayoutTutorial.UWP", "StackLayoutTutorial\StackLayoutTutorial.UWP\StackLayoutTutorial.UWP.csproj", "{ACEF8F59-B4C7-42F6-9D16-0F69418FC772}"
EndProject
Project("{FAE04EC0-301F-11D3-BF4B-00C04F79EFBC}") = "StackLayoutTutorial.Android", "StackLayoutTutorial\StackLayoutTutorial.Android\StackLayoutTutorial.Android.csproj", "{9C3BB8C4-2BE4-49B4-94E8-03E6EBD1CB19}"
EndProject
Project("{FAE04EC0-301F-11D3-BF4B-00C04F79EFBC}") = "StackLayoutTutorial.iOS", "StackLayoutTutorial\StackLayoutTutorial.iOS\StackLayoutTutorial.iOS.csproj", "{390C2FDC-724A-4C15-BE27-BEE13C21E59C}"
EndProject
Project("{FAE04EC0-301F-11D3-BF4B-00C04F79EFBC}") = "StackLayoutTutorial", "StackLayoutTutorial\StackLayoutTutorial\StackLayoutTutorial.csproj", "{527B2929-04C6-40F0-8DC3-1F7C1B65914A}"
EndProject
Global
	GlobalSection(SolutionConfigurationPlatforms) = preSolution
		Debug|Any CPU = Debug|Any CPU
		Debug|ARM = Debug|ARM
		Debug|iPhone = Debug|iPhone
		Debug|iPhoneSimulator = Debug|iPhoneSimulator
		Debug|x64 = Debug|x64
		Debug|x86 = Debug|x86
		Release|Any CPU = Release|Any CPU
		Release|ARM = Release|ARM
		Release|iPhone = Release|iPhone
		Release|iPhoneSimulator = Release|iPhoneSimulator
		Release|x64 = Release|x64
		Release|x86 = Release|x86
	EndGlobalSection
	GlobalSection(ProjectConfigurationPlatforms) = postSolution
		{ACEF8F59-B4C7-42F6-9D16-0F69418FC772}.Debug|Any CPU.ActiveCfg = Debug|x64
		{ACEF8F59-B4C7-42F6-9D16-0F69418FC772}.Debug|Any CPU.Build.0 = Debug|x64
		{ACEF8F59-B4C7-42F6-9D16-0F69418FC772}.Debug|Any CPU.Deploy.0 = Debug|x64
		{ACEF8F59-B4C7-42F6-9D16-0F69418FC772}.Debug|ARM.ActiveCfg = Debug|ARM
		{ACEF8F59-B4C7-42F6-9D16-0F69418FC772}.Debug|ARM.Build.0 = Debug|ARM
		{ACEF8F59-B4C7-42F6-9D16-0F69418FC772}.Debug|ARM.Deploy.0 = Debug|ARM
		{ACEF8F59-B4C7-42F6-9D16-0F69418FC772}.Debug|iPhone.ActiveCfg = Debug|x64
		{ACEF8F59-B4C7-42F6-9D16-0F69418FC772}.Debug|iPhone.Build.0 = Debug|x64
		{ACEF8F59-B4C7-42F6-9D16-0F69418FC772}.Debug|iPhone.Deploy.0 = Debug|x64
		{ACEF8F59-B4C7-42F6-9D16-0F69418FC772}.Debug|iPhoneSimulator.ActiveCfg = Debug|x64
		{ACEF8F59-B4C7-42F6-9D16-0F69418FC772}.Debug|iPhoneSimulator.Build.0 = Debug|x64
		{ACEF8F59-B4C7-42F6-9D16-0F69418FC772}.Debug|iPhoneSimulator.Deploy.0 = Debug|x64
		{ACEF8F59-B4C7-42F6-9D16-0F69418FC772}.Debug|x64.ActiveCfg = Debug|x64
		{ACEF8F59-B4C7-42F6-9D16-0F69418FC772}.Debug|x64.Build.0 = Debug|x64
		{ACEF8F59-B4C7-42F6-9D16-0F69418FC772}.Debug|x64.Deploy.0 = Debug|x64
		{ACEF8F59-B4C7-42F6-9D16-0F69418FC772}.Debug|x86.ActiveCfg = Debug|x86
		{ACEF8F59-B4C7-42F6-9D16-0F69418FC772}.Debug|x86.Build.0 = Debug|x86
		{ACEF8F59-B4C7-42F6-9D16-0F69418FC772}.Debug|x86.Deploy.0 = Debug|x86
		{ACEF8F59-B4C7-42F6-9D16-0F69418FC772}.Release|Any CPU.ActiveCfg = Release|x64
		{ACEF8F59-B4C7-42F6-9D16-0F69418FC772}.Release|Any CPU.Build.0 = Release|x64
		{ACEF8F59-B4C7-42F6-9D16-0F69418FC772}.Release|Any CPU.Deploy.0 = Release|x64
		{ACEF8F59-B4C7-42F6-9D16-0F69418FC772}.Release|ARM.ActiveCfg = Release|ARM
		{ACEF8F59-B4C7-42F6-9D16-0F69418FC772}.Release|ARM.Build.0 = Release|ARM
		{ACEF8F59-B4C7-42F6-9D16-0F69418FC772}.Release|ARM.Deploy.0 = Release|ARM
		{ACEF8F59-B4C7-42F6-9D16-0F69418FC772}.Release|iPhone.ActiveCfg = Release|x64
		{ACEF8F59-B4C7-42F6-9D16-0F69418FC772}.Release|iPhone.Build.0 = Release|x64
		{ACEF8F59-B4C7-42F6-9D16-0F69418FC772}.Release|iPhone.Deploy.0 = Release|x64
		{ACEF8F59-B4C7-42F6-9D16-0F69418FC772}.Release|iPhoneSimulator.ActiveCfg = Release|x64
		{ACEF8F59-B4C7-42F6-9D16-0F69418FC772}.Release|iPhoneSimulator.Build.0 = Release|x64
		{ACEF8F59-B4C7-42F6-9D16-0F69418FC772}.Release|iPhoneSimulator.Deploy.0 = Release|x64
		{ACEF8F59-B4C7-42F6-9D16-0F69418FC772}.Release|x64.ActiveCfg = Release|x64
		{ACEF8F59-B4C7-42F6-9D16-0F69418FC772}.Release|x64.Build.0 = Release|x64
		{ACEF8F59-B4C7-42F6-9D16-0F69418FC772}.Release|x64.Deploy.0 = Release|x64
		{ACEF8F59-B4C7-42F6-9D16-0F69418FC772}.Release|x86.ActiveCfg = Release|x86
		{ACEF8F59-B4C7-42F6-9D16-0F69418FC772}.Release|x86.Build.0 = Release|x86
		{ACEF8F59-B4C7-42F6-9D16-0F69418FC772}.Release|x86.Deploy.0 = Release|x86
		{9C3BB8C4-2BE4-49B4-94E8-03E6EBD1CB19}.Debug|Any CPU.ActiveCfg = Debug|Any CPU
		{9C3BB8C4-2BE4-49B4-94E8-03E6EBD1CB19}.Debug|Any CPU.Build.0 = Debug|Any CPU
		{9C3BB8C4-2BE4-49B4-94E8-03E6EBD1CB19}.Debug|Any CPU.Deploy.0 = Debug|Any CPU
		{9C3BB8C4-2BE4-49B4-94E8-03E6EBD1CB19}.Debug|ARM.ActiveCfg = Debug|Any CPU
		{9C3BB8C4-2BE4-49B4-94E8-03E6EBD1CB19}.Debug|ARM.Build.0 = Debug|Any CPU
		{9C3BB8C4-2BE4-49B4-94E8-03E6EBD1CB19}.Debug|ARM.Deploy.0 = Debug|Any CPU
		{9C3BB8C4-2BE4-49B4-94E8-03E6EBD1CB19}.Debug|iPhone.ActiveCfg = Debug|Any CPU
		{9C3BB8C4-2BE4-49B4-94E8-03E6EBD1CB19}.Debug|iPhone.Build.0 = Debug|Any CPU
		{9C3BB8C4-2BE4-49B4-94E8-03E6EBD1CB19}.Debug|iPhone.Deploy.0 = Debug|Any CPU
		{9C3BB8C4-2BE4-49B4-94E8-03E6EBD1CB19}.Debug|iPhoneSimulator.ActiveCfg = Debug|Any CPU
		{9C3BB8C4-2BE4-49B4-94E8-03E6EBD1CB19}.Debug|iPhoneSimulator.Build.0 = Debug|Any CPU
		{9C3BB8C4-2BE4-49B4-94E8-03E6EBD1CB19}.Debug|iPhoneSimulator.Deploy.0 = Debug|Any CPU
		{9C3BB8C4-2BE4-49B4-94E8-03E6EBD1CB19}.Debug|x64.ActiveCfg = Debug|Any CPU
		{9C3BB8C4-2BE4-49B4-94E8-03E6EBD1CB19}.Debug|x64.Build.0 = Debug|Any CPU
		{9C3BB8C4-2BE4-49B4-94E8-03E6EBD1CB19}.Debug|x64.Deploy.0 = Debug|Any CPU
		{9C3BB8C4-2BE4-49B4-94E8-03E6EBD1CB19}.Debug|x86.ActiveCfg = Debug|Any CPU
		{9C3BB8C4-2BE4-49B4-94E8-03E6EBD1CB19}.Debug|x86.Build.0 = Debug|Any CPU
		{9C3BB8C4-2BE4-49B4-94E8-03E6EBD1CB19}.Debug|x86.Deploy.0 = Debug|Any CPU
		{9C3BB8C4-2BE4-49B4-94E8-03E6EBD1CB19}.Release|Any CPU.ActiveCfg = Release|Any CPU
		{9C3BB8C4-2BE4-49B4-94E8-03E6EBD1CB19}.Release|Any CPU.Build.0 = Release|Any CPU
		{9C3BB8C4-2BE4-49B4-94E8-03E6EBD1CB19}.Release|Any CPU.Deploy.0 = Release|Any CPU
		{9C3BB8C4-2BE4-49B4-94E8-03E6EBD1CB19}.Release|ARM.ActiveCfg = Release|Any CPU
		{9C3BB8C4-2BE4-49B4-94E8-03E6EBD1CB19}.Release|ARM.Build.0 = Release|Any CPU
		{9C3BB8C4-2BE4-49B4-94E8-03E6EBD1CB19}.Release|ARM.Deploy.0 = Release|Any CPU
		{9C3BB8C4-2BE4-49B4-94E8-03E6EBD1CB19}.Release|iPhone.ActiveCfg = Release|Any CPU
		{9C3BB8C4-2BE4-49B4-94E8-03E6EBD1CB19}.Release|iPhone.Build.0 = Release|Any CPU
		{9C3BB8C4-2BE4-49B4-94E8-03E6EBD1CB19}.Release|iPhone.Deploy.0 = Release|Any CPU
		{9C3BB8C4-2BE4-49B4-94E8-03E6EBD1CB19}.Release|iPhoneSimulator.ActiveCfg = Release|Any CPU
		{9C3BB8C4-2BE4-49B4-94E8-03E6EBD1CB19}.Release|iPhoneSimulator.Build.0 = Release|Any CPU
		{9C3BB8C4-2BE4-49B4-94E8-03E6EBD1CB19}.Release|iPhoneSimulator.Deploy.0 = Release|Any CPU
		{9C3BB8C4-2BE4-49B4-94E8-03E6EBD1CB19}.Release|x64.ActiveCfg = Release|Any CPU
		{9C3BB8C4-2BE4-49B4-94E8-03E6EBD1CB19}.Release|x64.Build.0 = Release|Any CPU
		{9C3BB8C4-2BE4-49B4-94E8-03E6EBD1CB19}.Release|x64.Deploy.0 = Release|Any CPU
		{9C3BB8C4-2BE4-49B4-94E8-03E6EBD1CB19}.Release|x86.ActiveCfg = Release|Any CPU
		{9C3BB8C4-2BE4-49B4-94E8-03E6EBD1CB19}.Release|x86.Build.0 = Release|Any CPU
		{9C3BB8C4-2BE4-49B4-94E8-03E6EBD1CB19}.Release|x86.Deploy.0 = Release|Any CPU
		{390C2FDC-724A-4C15-BE27-BEE13C21E59C}.Debug|Any CPU.ActiveCfg = Debug|iPhoneSimulator
		{390C2FDC-724A-4C15-BE27-BEE13C21E59C}.Debug|Any CPU.Build.0 = Debug|iPhoneSimulator
		{390C2FDC-724A-4C15-BE27-BEE13C21E59C}.Debug|ARM.ActiveCfg = Debug|iPhoneSimulator
		{390C2FDC-724A-4C15-BE27-BEE13C21E59C}.Debug|ARM.Build.0 = Debug|iPhoneSimulator
		{390C2FDC-724A-4C15-BE27-BEE13C21E59C}.Debug|iPhone.ActiveCfg = Debug|iPhone
		{390C2FDC-724A-4C15-BE27-BEE13C21E59C}.Debug|iPhone.Build.0 = Debug|iPhone
		{390C2FDC-724A-4C15-BE27-BEE13C21E59C}.Debug|iPhoneSimulator.ActiveCfg = Debug|iPhoneSimulator
		{390C2FDC-724A-4C15-BE27-BEE13C21E59C}.Debug|iPhoneSimulator.Build.0 = Debug|iPhoneSimulator
		{390C2FDC-724A-4C15-BE27-BEE13C21E59C}.Debug|x64.ActiveCfg = Debug|iPhoneSimulator
		{390C2FDC-724A-4C15-BE27-BEE13C21E59C}.Debug|x64.Build.0 = Debug|iPhoneSimulator
		{390C2FDC-724A-4C15-BE27-BEE13C21E59C}.Debug|x86.ActiveCfg = Debug|iPhoneSimulator
		{390C2FDC-724A-4C15-BE27-BEE13C21E59C}.Debug|x86.Build.0 = Debug|iPhoneSimulator
		{390C2FDC-724A-4C15-BE27-BEE13C21E59C}.Release|Any CPU.ActiveCfg = Release|iPhoneSimulator
		{390C2FDC-724A-4C15-BE27-BEE13C21E59C}.Release|Any CPU.Build.0 = Release|iPhoneSimulator
		{390C2FDC-724A-4C15-BE27-BEE13C21E59C}.Release|ARM.ActiveCfg = Release|iPhoneSimulator
		{390C2FDC-724A-4C15-BE27-BEE13C21E59C}.Release|ARM.Build.0 = Release|iPhoneSimulator
		{390C2FDC-724A-4C15-BE27-BEE13C21E59C}.Release|iPhone.ActiveCfg = Release|iPhone
		{390C2FDC-724A-4C15-BE27-BEE13C21E59C}.Release|iPhone.Build.0 = Release|iPhone
		{390C2FDC-724A-4C15-BE27-BEE13C21E59C}.Release|iPhoneSimulator.ActiveCfg = Release|iPhoneSimulator
		{390C2FDC-724A-4C15-BE27-BEE13C21E59C}.Release|iPhoneSimulator.Build.0 = Release|iPhoneSimulator
		{390C2FDC-724A-4C15-BE27-BEE13C21E59C}.Release|x64.ActiveCfg = Release|iPhoneSimulator
		{390C2FDC-724A-4C15-BE27-BEE13C21E59C}.Release|x64.Build.0 = Release|iPhoneSimulator
		{390C2FDC-724A-4C15-BE27-BEE13C21E59C}.Release|x86.ActiveCfg = Release|iPhoneSimulator
		{390C2FDC-724A-4C15-BE27-BEE13C21E59C}.Release|x86.Build.0 = Release|iPhoneSimulator
		{527B2929-04C6-40F0-8DC3-1F7C1B65914A}.Debug|Any CPU.ActiveCfg = Debug|Any CPU
		{527B2929-04C6-40F0-8DC3-1F7C1B65914A}.Debug|Any CPU.Build.0 = Debug|Any CPU
		{527B2929-04C6-40F0-8DC3-1F7C1B65914A}.Debug|ARM.ActiveCfg = Debug|Any CPU
		{527B2929-04C6-40F0-8DC3-1F7C1B65914A}.Debug|ARM.Build.0 = Debug|Any CPU
		{527B2929-04C6-40F0-8DC3-1F7C1B65914A}.Debug|iPhone.ActiveCfg = Debug|Any CPU
		{527B2929-04C6-40F0-8DC3-1F7C1B65914A}.Debug|iPhone.Build.0 = Debug|Any CPU
		{527B2929-04C6-40F0-8DC3-1F7C1B65914A}.Debug|iPhoneSimulator.ActiveCfg = Debug|Any CPU
		{527B2929-04C6-40F0-8DC3-1F7C1B65914A}.Debug|iPhoneSimulator.Build.0 = Debug|Any CPU
		{527B2929-04C6-40F0-8DC3-1F7C1B65914A}.Debug|x64.ActiveCfg = Debug|Any CPU
		{527B2929-04C6-40F0-8DC3-1F7C1B65914A}.Debug|x64.Build.0 = Debug|Any CPU
		{527B2929-04C6-40F0-8DC3-1F7C1B65914A}.Debug|x86.ActiveCfg = Debug|Any CPU
		{527B2929-04C6-40F0-8DC3-1F7C1B65914A}.Debug|x86.Build.0 = Debug|Any CPU
		{527B2929-04C6-40F0-8DC3-1F7C1B65914A}.Release|Any CPU.ActiveCfg = Release|Any CPU
		{527B2929-04C6-40F0-8DC3-1F7C1B65914A}.Release|Any CPU.Build.0 = Release|Any CPU
		{527B2929-04C6-40F0-8DC3-1F7C1B65914A}.Release|ARM.ActiveCfg = Release|Any CPU
		{527B2929-04C6-40F0-8DC3-1F7C1B65914A}.Release|ARM.Build.0 = Release|Any CPU
		{527B2929-04C6-40F0-8DC3-1F7C1B65914A}.Release|iPhone.ActiveCfg = Release|Any CPU
		{527B2929-04C6-40F0-8DC3-1F7C1B65914A}.Release|iPhone.Build.0 = Release|Any CPU
		{527B2929-04C6-40F0-8DC3-1F7C1B65914A}.Release|iPhoneSimulator.ActiveCfg = Release|Any CPU
		{527B2929-04C6-40F0-8DC3-1F7C1B65914A}.Release|iPhoneSimulator.Build.0 = Release|Any CPU
		{527B2929-04C6-40F0-8DC3-1F7C1B65914A}.Release|x64.ActiveCfg = Release|Any CPU
		{527B2929-04C6-40F0-8DC3-1F7C1B65914A}.Release|x64.Build.0 = Release|Any CPU
		{527B2929-04C6-40F0-8DC3-1F7C1B65914A}.Release|x86.ActiveCfg = Release|Any CPU
		{527B2929-04C6-40F0-8DC3-1F7C1B65914A}.Release|x86.Build.0 = Release|Any CPU
	EndGlobalSection
	GlobalSection(SolutionProperties) = preSolution
		HideSolutionNode = FALSE
	EndGlobalSection
	GlobalSection(ExtensibilityGlobals) = postSolution
		SolutionGuid = {195C82E6-98E2-4C64-9477-AD4CCCE53B12}
	EndGlobalSection
EndGlobal
